Microsoft Visual Studio Solution File, Format Version 11.00
# Visual Studio 2008

Project("{0D4DDB11-0674-067C-A3D3-23B2310E9C4D}") = "GoldMiner", "Assembly-CSharp-firstpass-vs.csproj", "{E5F7B8EA-98B6-AAFA-3199-A7647D0CBB8B}"
EndProject
Project("{0D4DDB11-0674-067C-A3D3-23B2310E9C4D}") = "GoldMiner", "Assembly-CSharp-vs.csproj", "{34A01208-C021-7459-FCF5-5FA452690081}"
EndProject
Project("{0D4DDB11-0674-067C-A3D3-23B2310E9C4D}") = "GoldMiner", "Assembly-CSharp-Editor-vs.csproj", "{401969E3-6577-83A1-3DCE-6C9C3BCB720A}"
EndProject
Global
	GlobalSection(SolutionConfigurationPlatforms) = preSolution
		Debug|Any CPU = Debug|Any CPU
		Release|Any CPU = Release|Any CPU
	EndGlobalSection
	GlobalSection(ProjectConfigurationPlatforms) = postSolution
		{E5F7B8EA-98B6-AAFA-3199-A7647D0CBB8B}.Debug|Any CPU.ActiveCfg = Debug|Any CPU
		{E5F7B8EA-98B6-AAFA-3199-A7647D0CBB8B}.Debug|Any CPU.Build.0 = Debug|Any CPU
		{E5F7B8EA-98B6-AAFA-3199-A7647D0CBB8B}.Release|Any CPU.ActiveCfg = Release|Any CPU
		{E5F7B8EA-98B6-AAFA-3199-A7647D0CBB8B}.Release|Any CPU.Build.0 = Release|Any CPU
		{34A01208-C021-7459-FCF5-5FA452690081}.Debug|Any CPU.ActiveCfg = Debug|Any CPU
		{34A01208-C021-7459-FCF5-5FA452690081}.Debug|Any CPU.Build.0 = Debug|Any CPU
		{34A01208-C021-7459-FCF5-5FA452690081}.Release|Any CPU.ActiveCfg = Release|Any CPU
		{34A01208-C021-7459-FCF5-5FA452690081}.Release|Any CPU.Build.0 = Release|Any CPU
		{401969E3-6577-83A1-3DCE-6C9C3BCB720A}.Debug|Any CPU.ActiveCfg = Debug|Any CPU
		{401969E3-6577-83A1-3DCE-6C9C3BCB720A}.Debug|Any CPU.Build.0 = Debug|Any CPU
		{401969E3-6577-83A1-3DCE-6C9C3BCB720A}.Release|Any CPU.ActiveCfg = Release|Any CPU
		{401969E3-6577-83A1-3DCE-6C9C3BCB720A}.Release|Any CPU.Build.0 = Release|Any CPU
	EndGlobalSection
	GlobalSection(SolutionProperties) = preSolution
		HideSolutionNode = FALSE
	EndGlobalSection
													GlobalSection(MonoDevelopProperties) = preSolution
		StartupItem = Assembly-CSharp.csproj
		Policies = $0
		$0.TextStylePolicy = $1
		$1.inheritsSet = null
		$1.scope = text/x-csharp
		$0.CSharpFormattingPolicy = $2
		$2.inheritsSet = Mono
		$2.inheritsScope = text/x-csharp
		$2.scope = text/x-csharp
		$0.TextStylePolicy = $3
		$3.FileWidth = 120
		$3.TabWidth = 4
		$3.EolMarker = Unix
		$3.inheritsSet = Mono
		$3.inheritsScope = text/plain
		$3.scope = text/plain
	EndGlobalSection

EndGlobal
